// !$*UTF8*$!
{
	archiveVersion = 1;
	classes = {
	};
	objectVersion = 42;
	objects = {

/* Begin PBXBuildFile section */
		1A2E93420EB10B410080069D /* ExportOptions.nib in Resources */ = {isa = PBXBuildFile; fileRef = 1A2E933C0EB10B410080069D /* ExportOptions.nib */; };
		1A2E93490EB10B6B0080069D /* TaskProgressInfo.m in Sources */ = {isa = PBXBuildFile; fileRef = 1A2E93450EB10B6B0080069D /* TaskProgressInfo.m */; };
		1A6965380E95606300FE9F6B /* TaskWrapper.m in Sources */ = {isa = PBXBuildFile; fileRef = 1A6965370E95606300FE9F6B /* TaskWrapper.m */; };
		1A875B9D1202A56200F6498F /* PluginManager.framework in Frameworks */ = {isa = PBXBuildFile; fileRef = 1A875B9C1202A56200F6498F /* PluginManager.framework */; };
		1AAE75C20EA4531C00271EA0 /* general.png in Resources */ = {isa = PBXBuildFile; fileRef = 1AAE75C00EA4531C00271EA0 /* general.png */; };
		1AAE75C30EA4531C00271EA0 /* update.tiff in Resources */ = {isa = PBXBuildFile; fileRef = 1AAE75C10EA4531C00271EA0 /* update.tiff */; };
		7111D3620EC07F19006D679B /* ExportOptionsController.m in Sources */ = {isa = PBXBuildFile; fileRef = 7111D3600EC07F19006D679B /* ExportOptionsController.m */; };
		7111D3F40EC084FF006D679B /* NSFileManager-Extensions.m in Sources */ = {isa = PBXBuildFile; fileRef = 7111D3F20EC084FF006D679B /* NSFileManager-Extensions.m */; };
		7111D4500EC087E7006D679B /* alignStackTask.m in Sources */ = {isa = PBXBuildFile; fileRef = 7111D3560EC07E6D006D679B /* alignStackTask.m */; };
		7111D4520EC0880B006D679B /* enfuseTask.m in Sources */ = {isa = PBXBuildFile; fileRef = 7111D3570EC07E6D006D679B /* enfuseTask.m */; };
		7128A4DE0EC8558300094E8E /* MLog.m in Sources */ = {isa = PBXBuildFile; fileRef = 7128A4DC0EC8558300094E8E /* MLog.m */; };
		7128A4DF0EC8558300094E8E /* MLog.h in CopyFiles */ = {isa = PBXBuildFile; fileRef = 7128A4DD0EC8558300094E8E /* MLog.h */; };
		717C7DB50EC0928F00340889 /* QuartzCore.framework in Frameworks */ = {isa = PBXBuildFile; fileRef = 717C7DB40EC0928F00340889 /* QuartzCore.framework */; };
		8D5B49B0048680CD000E48DA /* InfoPlist.strings in Resources */ = {isa = PBXBuildFile; fileRef = 089C167DFE841241C02AAC07 /* InfoPlist.strings */; };
		8D5B49B4048680CD000E48DA /* Cocoa.framework in Frameworks */ = {isa = PBXBuildFile; fileRef = 1058C7ADFEA557BF11CA2CBB /* Cocoa.framework */; };
		D118EA660AC08CCB006DD2FE /* Localizable.strings in Resources */ = {isa = PBXBuildFile; fileRef = D118EA640AC08CCB006DD2FE /* Localizable.strings */; };
		D15DEA4F0ABF63C600CBE3A5 /* enfuseEdit.m in Sources */ = {isa = PBXBuildFile; fileRef = D15DEA4D0ABF63C600CBE3A5 /* enfuseEdit.m */; };
		D15DEA520ABF641300CBE3A5 /* enfuseEdit.nib in Resources */ = {isa = PBXBuildFile; fileRef = D15DEA500ABF641300CBE3A5 /* enfuseEdit.nib */; };
/* End PBXBuildFile section */

/* Begin PBXCopyFilesBuildPhase section */
		1AAE764E0EA4553B00271EA0 /* CopyFiles */ = {
			isa = PBXCopyFilesBuildPhase;
			buildActionMask = 2147483647;
			dstPath = "";
			dstSubfolderSpec = 6;
			files = (
				7128A4DF0EC8558300094E8E /* MLog.h in CopyFiles */,
			);
			runOnlyForDeploymentPostprocessing = 0;
		};
/* End PBXCopyFilesBuildPhase section */

/* Begin PBXFileReference section */
		089C1672FE841209C02AAC07 /* Foundation.framework */ = {isa = PBXFileReference; lastKnownFileType = wrapper.framework; name = Foundation.framework; path = /System/Library/Frameworks/Foundation.framework; sourceTree = "<absolute>"; };
		089C167EFE841241C02AAC07 /* English */ = {isa = PBXFileReference; fileEncoding = 10; lastKnownFileType = text.plist.strings; name = English; path = English.lproj/InfoPlist.strings; sourceTree = "<group>"; };
		089C167FFE841241C02AAC07 /* AppKit.framework */ = {isa = PBXFileReference; lastKnownFileType = wrapper.framework; name = AppKit.framework; path = /System/Library/Frameworks/AppKit.framework; sourceTree = "<absolute>"; };
		1058C7ADFEA557BF11CA2CBB /* Cocoa.framework */ = {isa = PBXFileReference; lastKnownFileType = wrapper.framework; name = Cocoa.framework; path = /System/Library/Frameworks/Cocoa.framework; sourceTree = "<absolute>"; };
		1A2E933D0EB10B410080069D /* English */ = {isa = PBXFileReference; lastKnownFileType = wrapper.nib; name = English; path = English.lproj/ExportOptions.nib; sourceTree = "<group>"; };
		1A2E93450EB10B6B0080069D /* TaskProgressInfo.m */ = {isa = PBXFileReference; fileEncoding = 30; lastKnownFileType = sourcecode.c.objc; path = TaskProgressInfo.m; sourceTree = "<group>"; };
		1A2E93460EB10B6B0080069D /* TaskProgressInfo.h */ = {isa = PBXFileReference; fileEncoding = 30; lastKnownFileType = sourcecode.c.h; path = TaskProgressInfo.h; sourceTree = "<group>"; };
		1A6965360E95606300FE9F6B /* TaskWrapper.h */ = {isa = PBXFileReference; fileEncoding = 30; lastKnownFileType = sourcecode.c.h; path = TaskWrapper.h; sourceTree = "<group>"; };
		1A6965370E95606300FE9F6B /* TaskWrapper.m */ = {isa = PBXFileReference; fileEncoding = 30; lastKnownFileType = sourcecode.c.objc; path = TaskWrapper.m; sourceTree = "<group>"; };
		1A875B9C1202A56200F6498F /* PluginManager.framework */ = {isa = PBXFileReference; lastKnownFileType = wrapper.framework; name = PluginManager.framework; path = /Library/Frameworks/PluginManager.framework; sourceTree = "<absolute>"; };
		1AAE75C00EA4531C00271EA0 /* general.png */ = {isa = PBXFileReference; lastKnownFileType = image.png; path = general.png; sourceTree = "<group>"; };
		1AAE75C10EA4531C00271EA0 /* update.tiff */ = {isa = PBXFileReference; lastKnownFileType = image.tiff; path = update.tiff; sourceTree = "<group>"; };
		287924C40DAEB3990074992A /* ApertureEditManager.h */ = {isa = PBXFileReference; fileEncoding = 4; lastKnownFileType = sourcecode.c.h; path = ApertureEditManager.h; sourceTree = "<group>"; };
		287924C50DAEB3990074992A /* ApertureEditPlugIn.h */ = {isa = PBXFileReference; fileEncoding = 4; lastKnownFileType = sourcecode.c.h; path = ApertureEditPlugIn.h; sourceTree = "<group>"; };
		287924C60DAEB3990074992A /* ApertureSDKCommon.h */ = {isa = PBXFileReference; fileEncoding = 4; lastKnownFileType = sourcecode.c.h; path = ApertureSDKCommon.h; sourceTree = "<group>"; };
		32DBCF630370AF2F00C91783 /* enfuseEdit_Prefix.pch */ = {isa = PBXFileReference; fileEncoding = 4; lastKnownFileType = sourcecode.c.h; path = enfuseEdit_Prefix.pch; sourceTree = "<group>"; };
		7111D3550EC07E6D006D679B /* alignStackTask.h */ = {isa = PBXFileReference; lastKnownFileType = sourcecode.c.h; path = alignStackTask.h; sourceTree = "<group>"; };
		7111D3560EC07E6D006D679B /* alignStackTask.m */ = {isa = PBXFileReference; lastKnownFileType = sourcecode.c.objc; path = alignStackTask.m; sourceTree = "<group>"; };
		7111D3570EC07E6D006D679B /* enfuseTask.m */ = {isa = PBXFileReference; lastKnownFileType = sourcecode.c.objc; path = enfuseTask.m; sourceTree = "<group>"; };
		7111D3580EC07E6D006D679B /* enfuseTask.h */ = {isa = PBXFileReference; lastKnownFileType = sourcecode.c.h; path = enfuseTask.h; sourceTree = "<group>"; };
		7111D35F0EC07F19006D679B /* ExportOptionsController.h */ = {isa = PBXFileReference; fileEncoding = 30; lastKnownFileType = sourcecode.c.h; path = ExportOptionsController.h; sourceTree = "<group>"; };
		7111D3600EC07F19006D679B /* ExportOptionsController.m */ = {isa = PBXFileReference; fileEncoding = 30; lastKnownFileType = sourcecode.c.objc; path = ExportOptionsController.m; sourceTree = "<group>"; };
		7111D3F10EC084FF006D679B /* NSFileManager-Extensions.h */ = {isa = PBXFileReference; fileEncoding = 30; lastKnownFileType = sourcecode.c.h; path = "NSFileManager-Extensions.h"; sourceTree = "<group>"; };
		7111D3F20EC084FF006D679B /* NSFileManager-Extensions.m */ = {isa = PBXFileReference; fileEncoding = 30; lastKnownFileType = sourcecode.c.objc; path = "NSFileManager-Extensions.m"; sourceTree = "<group>"; };
		7128A4DC0EC8558300094E8E /* MLog.m */ = {isa = PBXFileReference; fileEncoding = 30; lastKnownFileType = sourcecode.c.objc; path = MLog.m; sourceTree = "<group>"; };
		7128A4DD0EC8558300094E8E /* MLog.h */ = {isa = PBXFileReference; fileEncoding = 30; lastKnownFileType = sourcecode.c.h; path = MLog.h; sourceTree = "<group>"; };
		717C7DB40EC0928F00340889 /* QuartzCore.framework */ = {isa = PBXFileReference; lastKnownFileType = wrapper.framework; name = QuartzCore.framework; path = /System/Library/Frameworks/QuartzCore.framework; sourceTree = "<absolute>"; };
		8D5B49B7048680CD000E48DA /* Info.plist */ = {isa = PBXFileReference; fileEncoding = 4; lastKnownFileType = text.plist.xml; path = Info.plist; sourceTree = "<group>"; };
		D118EA650AC08CCB006DD2FE /* English */ = {isa = PBXFileReference; fileEncoding = 10; lastKnownFileType = text.plist.strings; name = English; path = English.lproj/Localizable.strings; sourceTree = "<group>"; };
		D118EB0F0AC08EAE006DD2FE /* enfuseEdit.ApertureEdit */ = {isa = PBXFileReference; explicitFileType = wrapper.cfbundle; includeInIndex = 0; path = enfuseEdit.ApertureEdit; sourceTree = BUILT_PRODUCTS_DIR; };
		D15DEA4D0ABF63C600CBE3A5 /* enfuseEdit.m */ = {isa = PBXFileReference; fileEncoding = 30; lastKnownFileType = sourcecode.c.objc; path = enfuseEdit.m; sourceTree = "<group>"; };
		D15DEA4E0ABF63C600CBE3A5 /* enfuseEdit.h */ = {isa = PBXFileReference; fileEncoding = 30; lastKnownFileType = sourcecode.c.h; path = enfuseEdit.h; sourceTree = "<group>"; };
		D15DEA510ABF641300CBE3A5 /* English */ = {isa = PBXFileReference; lastKnownFileType = wrapper.nib; name = English; path = English.lproj/enfuseEdit.nib; sourceTree = "<group>"; };
		D2F7E65807B2D6F200F64583 /* CoreData.framework */ = {isa = PBXFileReference; lastKnownFileType = wrapper.framework; name = CoreData.framework; path = /System/Library/Frameworks/CoreData.framework; sourceTree = "<absolute>"; };
/* End PBXFileReference section */

/* Begin PBXFrameworksBuildPhase section */
		8D5B49B3048680CD000E48DA /* Frameworks */ = {
			isa = PBXFrameworksBuildPhase;
			buildActionMask = 2147483647;
			files = (
				8D5B49B4048680CD000E48DA /* Cocoa.framework in Frameworks */,
				717C7DB50EC0928F00340889 /* QuartzCore.framework in Frameworks */,
				1A875B9D1202A56200F6498F /* PluginManager.framework in Frameworks */,
			);
			runOnlyForDeploymentPostprocessing = 0;
		};
/* End PBXFrameworksBuildPhase section */

/* Begin PBXGroup section */
		089C166AFE841209C02AAC07 /* MyApertureExportPlugIn */ = {
			isa = PBXGroup;
			children = (
				287924C30DAEB3990074992A /* ApertureHeaders */,
				08FB77AFFE84173DC02AAC07 /* Classes */,
				32C88E010371C26100C91783 /* Other Sources */,
				089C167CFE841241C02AAC07 /* Resources */,
				089C1671FE841209C02AAC07 /* Frameworks and Libraries */,
				D118EB1C0AC08EE7006DD2FE /* Products */,
			);
			name = MyApertureExportPlugIn;
			sourceTree = "<group>";
		};
		089C1671FE841209C02AAC07 /* Frameworks and Libraries */ = {
			isa = PBXGroup;
			children = (
				1058C7ACFEA557BF11CA2CBB /* Linked Frameworks */,
				1058C7AEFEA557BF11CA2CBB /* Other Frameworks */,
			);
			name = "Frameworks and Libraries";
			sourceTree = "<group>";
		};
		089C167CFE841241C02AAC07 /* Resources */ = {
			isa = PBXGroup;
			children = (
				1A2E933C0EB10B410080069D /* ExportOptions.nib */,
				D15DEA500ABF641300CBE3A5 /* enfuseEdit.nib */,
				8D5B49B7048680CD000E48DA /* Info.plist */,
				1AAE75C00EA4531C00271EA0 /* general.png */,
				1AAE75C10EA4531C00271EA0 /* update.tiff */,
				D118EA640AC08CCB006DD2FE /* Localizable.strings */,
				089C167DFE841241C02AAC07 /* InfoPlist.strings */,
			);
			name = Resources;
			sourceTree = "<group>";
		};
		08FB77AFFE84173DC02AAC07 /* Classes */ = {
			isa = PBXGroup;
			children = (
				7111D3550EC07E6D006D679B /* alignStackTask.h */,
				7111D3560EC07E6D006D679B /* alignStackTask.m */,
				7111D3570EC07E6D006D679B /* enfuseTask.m */,
				7111D3580EC07E6D006D679B /* enfuseTask.h */,
				D15DEA4E0ABF63C600CBE3A5 /* enfuseEdit.h */,
				D15DEA4D0ABF63C600CBE3A5 /* enfuseEdit.m */,
				1A2E93450EB10B6B0080069D /* TaskProgressInfo.m */,
				1A2E93460EB10B6B0080069D /* TaskProgressInfo.h */,
				7111D35F0EC07F19006D679B /* ExportOptionsController.h */,
				7111D3600EC07F19006D679B /* ExportOptionsController.m */,
				7111D3F10EC084FF006D679B /* NSFileManager-Extensions.h */,
				7111D3F20EC084FF006D679B /* NSFileManager-Extensions.m */,
			);
			name = Classes;
			sourceTree = "<group>";
		};
		1058C7ACFEA557BF11CA2CBB /* Linked Frameworks */ = {
			isa = PBXGroup;
			children = (
				1A875B9C1202A56200F6498F /* PluginManager.framework */,
				717C7DB40EC0928F00340889 /* QuartzCore.framework */,
				1058C7ADFEA557BF11CA2CBB /* Cocoa.framework */,
			);
			name = "Linked Frameworks";
			sourceTree = "<group>";
		};
		1058C7AEFEA557BF11CA2CBB /* Other Frameworks */ = {
			isa = PBXGroup;
			children = (
				089C167FFE841241C02AAC07 /* AppKit.framework */,
				D2F7E65807B2D6F200F64583 /* CoreData.framework */,
				089C1672FE841209C02AAC07 /* Foundation.framework */,
			);
			name = "Other Frameworks";
			sourceTree = "<group>";
		};
		287924C30DAEB3990074992A /* ApertureHeaders */ = {
			isa = PBXGroup;
			children = (
				287924C40DAEB3990074992A /* ApertureEditManager.h */,
				287924C50DAEB3990074992A /* ApertureEditPlugIn.h */,
				287924C60DAEB3990074992A /* ApertureSDKCommon.h */,
			);
			path = ApertureHeaders;
			sourceTree = "<group>";
		};
		32C88E010371C26100C91783 /* Other Sources */ = {
			isa = PBXGroup;
			children = (
				7128A4DC0EC8558300094E8E /* MLog.m */,
				7128A4DD0EC8558300094E8E /* MLog.h */,
				1A6965360E95606300FE9F6B /* TaskWrapper.h */,
				1A6965370E95606300FE9F6B /* TaskWrapper.m */,
				32DBCF630370AF2F00C91783 /* enfuseEdit_Prefix.pch */,
			);
			name = "Other Sources";
			sourceTree = "<group>";
		};
		D118EB1C0AC08EE7006DD2FE /* Products */ = {
			isa = PBXGroup;
			children = (
				D118EB0F0AC08EAE006DD2FE /* enfuseEdit.ApertureEdit */,
			);
			name = Products;
			sourceTree = "<group>";
		};
/* End PBXGroup section */

/* Begin PBXNativeTarget section */
		8D5B49AC048680CD000E48DA /* enfuseEdit */ = {
			isa = PBXNativeTarget;
			buildConfigurationList = 1DEB913A08733D840010E9CD /* Build configuration list for PBXNativeTarget "enfuseEdit" */;
			buildPhases = (
				8D5B49AF048680CD000E48DA /* Resources */,
				8D5B49B1048680CD000E48DA /* Sources */,
				8D5B49B3048680CD000E48DA /* Frameworks */,
				1AAE764E0EA4553B00271EA0 /* CopyFiles */,
				1A6965820E95673C00FE9F6B /* ShellScript */,
			);
			buildRules = (
			);
			dependencies = (
			);
			name = enfuseEdit;
			productInstallPath = "$(HOME)/Library/Bundles";
			productName = MyApertureExportPlugIn;
			productReference = D118EB0F0AC08EAE006DD2FE /* enfuseEdit.ApertureEdit */;
			productType = "com.apple.product-type.bundle";
		};
/* End PBXNativeTarget section */

/* Begin PBXProject section */
		089C1669FE841209C02AAC07 /* Project object */ = {
			isa = PBXProject;
			buildConfigurationList = 1DEB913E08733D840010E9CD /* Build configuration list for PBXProject "enfuseEdit" */;
			compatibilityVersion = "Xcode 2.4";
			hasScannedForEncodings = 1;
			mainGroup = 089C166AFE841209C02AAC07 /* MyApertureExportPlugIn */;
			productRefGroup = 089C166AFE841209C02AAC07 /* MyApertureExportPlugIn */;
			projectDirPath = "";
			projectRoot = "";
			targets = (
				8D5B49AC048680CD000E48DA /* enfuseEdit */,
			);
		};
/* End PBXProject section */

/* Begin PBXResourcesBuildPhase section */
		8D5B49AF048680CD000E48DA /* Resources */ = {
			isa = PBXResourcesBuildPhase;
			buildActionMask = 2147483647;
			files = (
				8D5B49B0048680CD000E48DA /* InfoPlist.strings in Resources */,
				D15DEA520ABF641300CBE3A5 /* enfuseEdit.nib in Resources */,
				D118EA660AC08CCB006DD2FE /* Localizable.strings in Resources */,
				1AAE75C20EA4531C00271EA0 /* general.png in Resources */,
				1AAE75C30EA4531C00271EA0 /* update.tiff in Resources */,
				1A2E93420EB10B410080069D /* ExportOptions.nib in Resources */,
			);
			runOnlyForDeploymentPostprocessing = 0;
		};
/* End PBXResourcesBuildPhase section */

/* Begin PBXShellScriptBuildPhase section */
		1A6965820E95673C00FE9F6B /* ShellScript */ = {
			isa = PBXShellScriptBuildPhase;
			buildActionMask = 2147483647;
			files = (
			);
			inputPaths = (
			);
			outputPaths = (
			);
			runOnlyForDeploymentPostprocessing = 0;
			shellPath = /bin/sh;
			shellScript = "# clean up any previous products/symbolic links in the target folder\nif [ -a \"${USER_LIBRARY_DIR}/Application Support/Aperture/Plug-Ins/Edits/${FULL_PRODUCT_NAME}\" ]; then\nrm -Rf \"${USER_LIBRARY_DIR}/Application Support/Aperture/Plug-Ins/Edits/${FULL_PRODUCT_NAME}\"\nfi\n\n# Depending on the build configuration, either copy or link to the most recent product\nif [ \"${CONFIGURATION}\" == \"Debug\" ]; then\n# if we're debugging, add a symbolic link to the plug-in\nln -sf \"${TARGET_BUILD_DIR}/${FULL_PRODUCT_NAME}\" \\\n\"${USER_LIBRARY_DIR}/Application Support/Aperture/Plug-Ins/Edits/${FULL_PRODUCT_NAME}\"\nelif [ \"${CONFIGURATION}\" == \"Release\" ]; then\n# if we're compiling for release, just copy the plugin to the Internet Plug-ins folder\ncp -Rfv \"${TARGET_BUILD_DIR}/${FULL_PRODUCT_NAME}\" \\\n\"${USER_LIBRARY_DIR}/Application Support/Aperture/Plug-Ins/Edits/${FULL_PRODUCT_NAME}\"\nfi";
		};
/* End PBXShellScriptBuildPhase section */

/* Begin PBXSourcesBuildPhase section */
		8D5B49B1048680CD000E48DA /* Sources */ = {
			isa = PBXSourcesBuildPhase;
			buildActionMask = 2147483647;
			files = (
				D15DEA4F0ABF63C600CBE3A5 /* enfuseEdit.m in Sources */,
				1A6965380E95606300FE9F6B /* TaskWrapper.m in Sources */,
				1A2E93490EB10B6B0080069D /* TaskProgressInfo.m in Sources */,
				7111D3620EC07F19006D679B /* ExportOptionsController.m in Sources */,
				7111D3F40EC084FF006D679B /* NSFileManager-Extensions.m in Sources */,
				7111D4500EC087E7006D679B /* alignStackTask.m in Sources */,
				7111D4520EC0880B006D679B /* enfuseTask.m in Sources */,
				7128A4DE0EC8558300094E8E /* MLog.m in Sources */,
			);
			runOnlyForDeploymentPostprocessing = 0;
		};
/* End PBXSourcesBuildPhase section */

/* Begin PBXVariantGroup section */
		089C167DFE841241C02AAC07 /* InfoPlist.strings */ = {
			isa = PBXVariantGroup;
			children = (
				089C167EFE841241C02AAC07 /* English */,
			);
			name = InfoPlist.strings;
			sourceTree = "<group>";
		};
		1A2E933C0EB10B410080069D /* ExportOptions.nib */ = {
			isa = PBXVariantGroup;
			children = (
				1A2E933D0EB10B410080069D /* English */,
			);
			name = ExportOptions.nib;
			sourceTree = "<group>";
		};
		D118EA640AC08CCB006DD2FE /* Localizable.strings */ = {
			isa = PBXVariantGroup;
			children = (
				D118EA650AC08CCB006DD2FE /* English */,
			);
			name = Localizable.strings;
			sourceTree = "<group>";
		};
		D15DEA500ABF641300CBE3A5 /* enfuseEdit.nib */ = {
			isa = PBXVariantGroup;
			children = (
				D15DEA510ABF641300CBE3A5 /* English */,
			);
			name = enfuseEdit.nib;
			sourceTree = "<group>";
		};
/* End PBXVariantGroup section */

/* Begin XCBuildConfiguration section */
		1DEB913B08733D840010E9CD /* Debug */ = {
			isa = XCBuildConfiguration;
			buildSettings = {
				COPY_PHASE_STRIP = NO;
				DSTROOT = /;
				FRAMEWORK_SEARCH_PATHS = (
					"$(inherited)",
					"$(FRAMEWORK_SEARCH_PATHS_QUOTED_1)",
				);
				FRAMEWORK_SEARCH_PATHS_QUOTED_1 = "\"$(SRCROOT)\"";
				GCC_DYNAMIC_NO_PIC = NO;
				GCC_ENABLE_FIX_AND_CONTINUE = YES;
				GCC_MODEL_TUNING = G5;
				GCC_OPTIMIZATION_LEVEL = 0;
				GCC_PRECOMPILE_PREFIX_HEADER = YES;
				GCC_PREFIX_HEADER = enfuseEdit_Prefix.pch;
				INFOPLIST_FILE = Info.plist;
				INSTALL_PATH = "$(HOME)/Library/Application Support/Aperture/Plug-Ins/";
				PRODUCT_NAME = enfuseEdit;
				WRAPPER_EXTENSION = ApertureEdit;
				ZERO_LINK = YES;
			};
			name = Debug;
		};
		1DEB913C08733D840010E9CD /* Release */ = {
			isa = XCBuildConfiguration;
			buildSettings = {
				ARCHS = (
					ppc,
					i386,
				);
				DSTROOT = /;
				FRAMEWORK_SEARCH_PATHS = (
					"$(inherited)",
					"$(FRAMEWORK_SEARCH_PATHS_QUOTED_1)",
				);
				FRAMEWORK_SEARCH_PATHS_QUOTED_1 = "\"$(SRCROOT)\"";
				GCC_GENERATE_DEBUGGING_SYMBOLS = NO;
				GCC_MODEL_TUNING = G5;
				GCC_PRECOMPILE_PREFIX_HEADER = YES;
				GCC_PREFIX_HEADER = enfuseEdit_Prefix.pch;
				INFOPLIST_FILE = Info.plist;
				INSTALL_PATH = "$(HOME)/Library/Application Support/Aperture/Plug-Ins/";
				PRODUCT_NAME = enfuseEdit;
				WRAPPER_EXTENSION = ApertureEdit;
			};
			name = Release;
		};
		1DEB913F08733D840010E9CD /* Debug */ = {
			isa = XCBuildConfiguration;
			buildSettings = {
				GCC_ENABLE_OBJC_EXCEPTIONS = YES;
				GCC_WARN_ABOUT_RETURN_TYPE = YES;
				GCC_WARN_UNUSED_VARIABLE = YES;
				PREBINDING = NO;
				SDKROOT = /Developer/SDKs/MacOSX10.4u.sdk;
			};
			name = Debug;
		};
		1DEB914008733D840010E9CD /* Release */ = {
			isa = XCBuildConfiguration;
			buildSettings = {
				ARCHS = (
					ppc,
					i386,
				);
				GCC_ENABLE_OBJC_EXCEPTIONS = YES;
				GCC_WARN_ABOUT_RETURN_TYPE = YES;
				GCC_WARN_UNUSED_VARIABLE = YES;
				PREBINDING = NO;
				SDKROOT = /Developer/SDKs/MacOSX10.4u.sdk;
			};
			name = Release;
		};
		7128A6150EC88CF100094E8E /* Release No Logging */ = {
			isa = XCBuildConfiguration;
			buildSettings = {
				ARCHS = (
					ppc,
					i386,
				);
				DSTROOT = /;
				FRAMEWORK_SEARCH_PATHS = (
					"$(inherited)",
					"$(FRAMEWORK_SEARCH_PATHS_QUOTED_1)",
				);
				FRAMEWORK_SEARCH_PATHS_QUOTED_1 = "\"$(SRCROOT)\"";
				GCC_GENERATE_DEBUGGING_SYMBOLS = NO;
				GCC_MODEL_TUNING = G5;
				GCC_PRECOMPILE_PREFIX_HEADER = YES;
				GCC_PREFIX_HEADER = enfuseEdit_Prefix.pch;
				INFOPLIST_FILE = Info.plist;
				INSTALL_PATH = "$(HOME)/Library/Application Support/Aperture/Plug-Ins/";
				PRODUCT_NAME = enfuseEdit;
				WRAPPER_EXTENSION = ApertureEdit;
			};
			name = "Release No Logging";
		};
		7128A6160EC88CF100094E8E /* Release No Logging */ = {
			isa = XCBuildConfiguration;
			buildSettings = {
				ARCHS = (
					ppc,
					i386,
				);
				GCC_ENABLE_OBJC_EXCEPTIONS = YES;
				GCC_PREPROCESSOR_DEFINITIONS = (
					__BTREMOVE_LOGGING,
					"$(inherited)",
				);
				GCC_WARN_ABOUT_RETURN_TYPE = YES;
				GCC_WARN_UNUSED_VARIABLE = YES;
				PREBINDING = NO;
				SDKROOT = /Developer/SDKs/MacOSX10.4u.sdk;
			};
			name = "Release No Logging";
		};
/* End XCBuildConfiguration section */

/* Begin XCConfigurationList section */
		1DEB913A08733D840010E9CD /* Build configuration list for PBXNativeTarget "enfuseEdit" */ = {
			isa = XCConfigurationList;
			buildConfigurations = (
				1DEB913B08733D840010E9CD /* Debug */,
				1DEB913C08733D840010E9CD /* Release */,
				7128A6150EC88CF100094E8E /* Release No Logging */,
			);
			defaultConfigurationIsVisible = 0;
			defaultConfigurationName = Release;
		};
		1DEB913E08733D840010E9CD /* Build configuration list for PBXProject "enfuseEdit" */ = {
			isa = XCConfigurationList;
			buildConfigurations = (
				1DEB913F08733D840010E9CD /* Debug */,
				1DEB914008733D840010E9CD /* Release */,
				7128A6160EC88CF100094E8E /* Release No Logging */,
			);
			defaultConfigurationIsVisible = 0;
			defaultConfigurationName = Release;
		};
/* End XCConfigurationList section */
	};
	rootObject = 089C1669FE841209C02AAC07 /* Project object */;
}
